{
    "_readme": [
        "This file locks the dependencies of your project to a known state",
        "Read more about it at https://getcomposer.org/doc/01-basic-usage.md#composer-lock-the-lock-file",
        "This file is @generated automatically"
    ],
    "content-hash": "8cf71f872073d333fd32ecd8726de792",
    "packages": [
        {
            "name": "0x6d617474/isolate",
            "version": "1.0.0",
            "source": {
                "type": "git",
                "url": "https://github.com/0x6d617474/composer-isolation.git",
                "reference": "83c5d6094c8f2daf177ac4427564aedc8d28e9d0"
            },
            "dist": {
                "type": "zip",
                "url": "https://api.github.com/repos/0x6d617474/composer-isolation/zipball/83c5d6094c8f2daf177ac4427564aedc8d28e9d0",
                "reference": "83c5d6094c8f2daf177ac4427564aedc8d28e9d0",
                "shasum": ""
            },
            "require": {
                "composer-plugin-api": "^1.1",
                "nikic/php-parser": "^2.1"
            },
            "require-dev": {
                "composer/composer": "^1.4",
                "friendsofphp/php-cs-fixer": "^2.3"
            },
            "type": "composer-plugin",
            "extra": {
                "class": "Ox6d617474\\Isolate\\Plugin"
            },
            "autoload": {
                "psr-4": {
                    "Ox6d617474\\Isolate\\": "src/"
                }
            },
            "notification-url": "https://packagist.org/downloads/",
            "license": [
                "MIT"
            ],
            "description": "Isolates composer dependencies by prefixing namespace for all vendor code within a project",
            "time": "2017-07-14T21:02:49+00:00"
        },
        {
            "name": "and/symlink-detective",
            "version": "v0.7.x-dev",
            "source": {
                "type": "git",
                "url": "https://github.com/logical-and/symlink-detective.git",
                "reference": "d725e038d579be9db5f59a68ed52364ec6c60110"
            },
            "dist": {
                "type": "zip",
                "url": "https://api.github.com/repos/logical-and/symlink-detective/zipball/d725e038d579be9db5f59a68ed52364ec6c60110",
                "reference": "d725e038d579be9db5f59a68ed52364ec6c60110",
                "shasum": ""
            },
            "require": {
                "webmozart/path-util": "~2.3"
            },
            "type": "library",
            "autoload": {
                "psr-4": {
                    "": "src/"
                }
            },
            "notification-url": "https://packagist.org/downloads/",
            "authors": [
                {
                    "name": "And",
                    "email": "and.webdev@gmail.com"
                }
            ],
            "description": "Library allows to determine realpath to your script when you try to do it from symlinked file",
            "time": "2017-11-16T09:46:41+00:00"
        },
        {
            "name": "and/whmcs-module-framework",
            "version": "v0.5.x-dev",
            "source": {
                "type": "git",
                "url": "https://github.com/logical-and/whmcs-module-framework.git",
                "reference": "9942a1e37bff36945884a7cce18834464623ca47"
            },
            "dist": {
                "type": "zip",
                "url": "https://api.github.com/repos/logical-and/whmcs-module-framework/zipball/9942a1e37bff36945884a7cce18834464623ca47",
                "reference": "9942a1e37bff36945884a7cce18834464623ca47",
                "shasum": ""
            },
            "require": {
                "and/symlink-detective": "0.7.*-dev",
                "axelarge/array-tools": "@dev"
            },
            "type": "library",
            "autoload": {
                "psr-4": {
                    "WHMCS\\Module\\Framework\\": "src/"
                }
            },
            "notification-url": "https://packagist.org/downloads/",
            "description": "WHMCS mini framework for module/plugin (+ some utilites bunch)",
            "time": "2017-11-23T21:23:54+00:00"
        },
        {
            "name": "axelarge/array-tools",
            "version": "dev-master",
            "source": {
                "type": "git",
                "url": "https://github.com/axelarge/php-array-tools.git",
                "reference": "60978ce30020693417f18432aa33b996c92144ff"
            },
            "dist": {
                "type": "zip",
                "url": "https://api.github.com/repos/axelarge/php-array-tools/zipball/60978ce30020693417f18432aa33b996c92144ff",
                "reference": "60978ce30020693417f18432aa33b996c92144ff",
                "shasum": ""
            },
            "require": {
                "php": ">=5.3.0"
            },
            "type": "library",
            "autoload": {
                "psr-0": {
                    "Axelarge\\ArrayTools": "src/"
                }
            },
            "notification-url": "https://packagist.org/downloads/",
            "license": [
                "MIT"
            ],
            "authors": [
                {
                    "name": "Miķelis Vindavs",
                    "email": "mikelis.vindavs@gmail.com",
                    "role": "Developer"
                }
            ],
            "description": "Array tools for PHP 5.3",
            "homepage": "https://github.com/axelarge/php-array-tools",
            "keywords": [
                "array"
            ],
            "time": "2012-09-22T17:37:39+00:00"
        },
        {
            "name": "nikic/php-parser",
            "version": "v2.1.1",
            "source": {
                "type": "git",
                "url": "https://github.com/nikic/PHP-Parser.git",
                "reference": "4dd659edadffdc2143e4753df655d866dbfeedf0"
            },
            "dist": {
                "type": "zip",
                "url": "https://api.github.com/repos/nikic/PHP-Parser/zipball/4dd659edadffdc2143e4753df655d866dbfeedf0",
                "reference": "4dd659edadffdc2143e4753df655d866dbfeedf0",
                "shasum": ""
            },
            "require": {
                "ext-tokenizer": "*",
                "php": ">=5.4"
            },
            "require-dev": {
                "phpunit/phpunit": "~4.0"
            },
            "bin": [
                "bin/php-parse"
            ],
            "type": "library",
            "extra": {
                "branch-alias": {
                    "dev-master": "2.1-dev"
                }
            },
            "autoload": {
                "psr-4": {
                    "PhpParser\\": "lib/PhpParser"
                }
            },
            "notification-url": "https://packagist.org/downloads/",
            "license": [
                "BSD-3-Clause"
            ],
            "authors": [
                {
                    "name": "Nikita Popov"
                }
            ],
            "description": "A PHP parser written in PHP",
            "keywords": [
                "parser",
                "php"
            ],
            "time": "2016-09-16T12:04:44+00:00"
        },
        {
            "name": "webmozart/assert",
            "version": "1.2.0",
            "source": {
                "type": "git",
                "url": "https://github.com/webmozart/assert.git",
                "reference": "2db61e59ff05fe5126d152bd0655c9ea113e550f"
            },
            "dist": {
                "type": "zip",
                "url": "https://api.github.com/repos/webmozart/assert/zipball/2db61e59ff05fe5126d152bd0655c9ea113e550f",
                "reference": "2db61e59ff05fe5126d152bd0655c9ea113e550f",
                "shasum": ""
            },
            "require": {
                "php": "^5.3.3 || ^7.0"
            },
            "require-dev": {
                "phpunit/phpunit": "^4.6",
                "sebastian/version": "^1.0.1"
            },
            "type": "library",
            "extra": {
                "branch-alias": {
                    "dev-master": "1.3-dev"
                }
            },
            "autoload": {
                "psr-4": {
                    "Webmozart\\Assert\\": "src/"
                }
            },
            "notification-url": "https://packagist.org/downloads/",
            "license": [
                "MIT"
            ],
            "authors": [
                {
                    "name": "Bernhard Schussek",
                    "email": "bschussek@gmail.com"
                }
            ],
            "description": "Assertions to validate method input/output with nice error messages.",
            "keywords": [
                "assert",
                "check",
                "validate"
            ],
            "time": "2016-11-23T20:04:58+00:00"
        },
        {
            "name": "webmozart/path-util",
            "version": "2.3.0",
            "source": {
                "type": "git",
                "url": "https://github.com/webmozart/path-util.git",
                "reference": "d939f7edc24c9a1bb9c0dee5cb05d8e859490725"
            },
            "dist": {
                "type": "zip",
                "url": "https://api.github.com/repos/webmozart/path-util/zipball/d939f7edc24c9a1bb9c0dee5cb05d8e859490725",
                "reference": "d939f7edc24c9a1bb9c0dee5cb05d8e859490725",
                "shasum": ""
            },
            "require": {
                "php": ">=5.3.3",
                "webmozart/assert": "~1.0"
            },
            "require-dev": {
                "phpunit/phpunit": "^4.6",
                "sebastian/version": "^1.0.1"
            },
            "type": "library",
            "extra": {
                "branch-alias": {
                    "dev-master": "2.3-dev"
                }
            },
            "autoload": {
                "psr-4": {
                    "Webmozart\\PathUtil\\": "src/"
                }
            },
            "notification-url": "https://packagist.org/downloads/",
            "license": [
                "MIT"
            ],
            "authors": [
                {
                    "name": "Bernhard Schussek",
                    "email": "bschussek@gmail.com"
                }
            ],
            "description": "A robust cross-platform utility for normalizing, comparing and modifying file paths.",
            "time": "2015-12-17T08:42:14+00:00"
        }
    ],
    "packages-dev": [],
    "aliases": [],
    "minimum-stability": "stable",
    "stability-flags": {
        "and/whmcs-module-framework": 20,
        "and/symlink-detective": 20,
        "axelarge/array-tools": 20
    },
    "prefer-stable": false,
    "prefer-lowest": false,
    "platform": {
        "php": ">=5.6"
    },
    "platform-dev": []
}
